
Microsoft Visual Studio Solution File, Format Version 12.00
# Visual Studio Version 17
VisualStudioVersion = 17.14.36310.24 d17.14
MinimumVisualStudioVersion = 10.0.40219.1
Project("{FAE04EC0-301F-11D3-BF4B-00C04F79EFBC}") = "Store.G02.Api", "Store.G02.Api\Store.G02.Api.csproj", "{F6C1C489-836F-48C6-A74C-4AAD9337FC06}"
EndProject
Project("{2150E333-8FDC-42A3-9474-1A3956D46DE8}") = "Core", "Core", "{02EA681E-C7D8-13C7-8484-4AC65E1B71E8}"
EndProject
Project("{FAE04EC0-301F-11D3-BF4B-00C04F79EFBC}") = "Domain", "Core\Domain\Domain.csproj", "{963439CD-AB4D-4A1E-8DC9-B349FDDFBE23}"
EndProject
Project("{FAE04EC0-301F-11D3-BF4B-00C04F79EFBC}") = "Services", "Core\Services\Services.csproj", "{AEE1A44D-E576-41DE-9AE1-5A52A1176036}"
EndProject
Project("{FAE04EC0-301F-11D3-BF4B-00C04F79EFBC}") = "Services.Abstractions", "Core\Services.Abstractions\Services.Abstractions.csproj", "{DB2068BE-938D-4315-A1E0-B26CA740D299}"
EndProject
Project("{2150E333-8FDC-42A3-9474-1A3956D46DE8}") = "Infrastrcture", "Infrastrcture", "{55B36B1F-5309-42FD-9740-147D0207A064}"
EndProject
Project("{FAE04EC0-301F-11D3-BF4B-00C04F79EFBC}") = "Persistence", "Infrastrcture\Persistence\Persistence.csproj", "{58D24BCB-ECE4-426D-B6EE-BA1F1AA471D5}"
EndProject
Project("{FAE04EC0-301F-11D3-BF4B-00C04F79EFBC}") = "Presentation", "Infrastrcture\Presentation\Presentation.csproj", "{C5A43CDB-F321-4AFD-86A6-CFADD552BA90}"
EndProject
Project("{FAE04EC0-301F-11D3-BF4B-00C04F79EFBC}") = "Shared", "Shared\Shared.csproj", "{CC007567-E1E0-408D-BADD-E363D7EA8544}"
EndProject
Global
	GlobalSection(SolutionConfigurationPlatforms) = preSolution
		Debug|Any CPU = Debug|Any CPU
		Release|Any CPU = Release|Any CPU
	EndGlobalSection
	GlobalSection(ProjectConfigurationPlatforms) = postSolution
		{F6C1C489-836F-48C6-A74C-4AAD9337FC06}.Debug|Any CPU.ActiveCfg = Debug|Any CPU
		{F6C1C489-836F-48C6-A74C-4AAD9337FC06}.Debug|Any CPU.Build.0 = Debug|Any CPU
		{F6C1C489-836F-48C6-A74C-4AAD9337FC06}.Release|Any CPU.ActiveCfg = Release|Any CPU
		{F6C1C489-836F-48C6-A74C-4AAD9337FC06}.Release|Any CPU.Build.0 = Release|Any CPU
		{963439CD-AB4D-4A1E-8DC9-B349FDDFBE23}.Debug|Any CPU.ActiveCfg = Debug|Any CPU
		{963439CD-AB4D-4A1E-8DC9-B349FDDFBE23}.Debug|Any CPU.Build.0 = Debug|Any CPU
		{963439CD-AB4D-4A1E-8DC9-B349FDDFBE23}.Release|Any CPU.ActiveCfg = Release|Any CPU
		{963439CD-AB4D-4A1E-8DC9-B349FDDFBE23}.Release|Any CPU.Build.0 = Release|Any CPU
		{AEE1A44D-E576-41DE-9AE1-5A52A1176036}.Debug|Any CPU.ActiveCfg = Debug|Any CPU
		{AEE1A44D-E576-41DE-9AE1-5A52A1176036}.Debug|Any CPU.Build.0 = Debug|Any CPU
		{AEE1A44D-E576-41DE-9AE1-5A52A1176036}.Release|Any CPU.ActiveCfg = Release|Any CPU
		{AEE1A44D-E576-41DE-9AE1-5A52A1176036}.Release|Any CPU.Build.0 = Release|Any CPU
		{DB2068BE-938D-4315-A1E0-B26CA740D299}.Debug|Any CPU.ActiveCfg = Debug|Any CPU
		{DB2068BE-938D-4315-A1E0-B26CA740D299}.Debug|Any CPU.Build.0 = Debug|Any CPU
		{DB2068BE-938D-4315-A1E0-B26CA740D299}.Release|Any CPU.ActiveCfg = Release|Any CPU
		{DB2068BE-938D-4315-A1E0-B26CA740D299}.Release|Any CPU.Build.0 = Release|Any CPU
		{58D24BCB-ECE4-426D-B6EE-BA1F1AA471D5}.Debug|Any CPU.ActiveCfg = Debug|Any CPU
		{58D24BCB-ECE4-426D-B6EE-BA1F1AA471D5}.Debug|Any CPU.Build.0 = Debug|Any CPU
		{58D24BCB-ECE4-426D-B6EE-BA1F1AA471D5}.Release|Any CPU.ActiveCfg = Release|Any CPU
		{58D24BCB-ECE4-426D-B6EE-BA1F1AA471D5}.Release|Any CPU.Build.0 = Release|Any CPU
		{C5A43CDB-F321-4AFD-86A6-CFADD552BA90}.Debug|Any CPU.ActiveCfg = Debug|Any CPU
		{C5A43CDB-F321-4AFD-86A6-CFADD552BA90}.Debug|Any CPU.Build.0 = Debug|Any CPU
		{C5A43CDB-F321-4AFD-86A6-CFADD552BA90}.Release|Any CPU.ActiveCfg = Release|Any CPU
		{C5A43CDB-F321-4AFD-86A6-CFADD552BA90}.Release|Any CPU.Build.0 = Release|Any CPU
		{CC007567-E1E0-408D-BADD-E363D7EA8544}.Debug|Any CPU.ActiveCfg = Debug|Any CPU
		{CC007567-E1E0-408D-BADD-E363D7EA8544}.Debug|Any CPU.Build.0 = Debug|Any CPU
		{CC007567-E1E0-408D-BADD-E363D7EA8544}.Release|Any CPU.ActiveCfg = Release|Any CPU
		{CC007567-E1E0-408D-BADD-E363D7EA8544}.Release|Any CPU.Build.0 = Release|Any CPU
	EndGlobalSection
	GlobalSection(SolutionProperties) = preSolution
		HideSolutionNode = FALSE
	EndGlobalSection
	GlobalSection(NestedProjects) = preSolution
		{963439CD-AB4D-4A1E-8DC9-B349FDDFBE23} = {02EA681E-C7D8-13C7-8484-4AC65E1B71E8}
		{AEE1A44D-E576-41DE-9AE1-5A52A1176036} = {02EA681E-C7D8-13C7-8484-4AC65E1B71E8}
		{DB2068BE-938D-4315-A1E0-B26CA740D299} = {02EA681E-C7D8-13C7-8484-4AC65E1B71E8}
		{58D24BCB-ECE4-426D-B6EE-BA1F1AA471D5} = {55B36B1F-5309-42FD-9740-147D0207A064}
		{C5A43CDB-F321-4AFD-86A6-CFADD552BA90} = {55B36B1F-5309-42FD-9740-147D0207A064}
	EndGlobalSection
	GlobalSection(ExtensibilityGlobals) = postSolution
		SolutionGuid = {A9316AEF-E0D0-4A65-82E9-44A0F5CB96E0}
	EndGlobalSection
EndGlobal
